// !$*UTF8*$!
{
	archiveVersion = 1;
	classes = {
	};
	objectVersion = 50;
	objects = {

/* Begin PBXBuildFile section */
		CE45D52425C90949005AADEC /* AppDelegate.swift in Sources */ = {isa = PBXBuildFile; fileRef = CE45D52325C90949005AADEC /* AppDelegate.swift */; };
		CE45D52625C90949005AADEC /* SceneDelegate.swift in Sources */ = {isa = PBXBuildFile; fileRef = CE45D52525C90949005AADEC /* SceneDelegate.swift */; };
		CE45D52825C90949005AADEC /* ViewController.swift in Sources */ = {isa = PBXBuildFile; fileRef = CE45D52725C90949005AADEC /* ViewController.swift */; };
		CE45D52B25C90949005AADEC /* Main.storyboard in Resources */ = {isa = PBXBuildFile; fileRef = CE45D52925C90949005AADEC /* Main.storyboard */; };
		CE45D52E25C90949005AADEC /* CollectionViewTest.xcdatamodeld in Sources */ = {isa = PBXBuildFile; fileRef = CE45D52C25C90949005AADEC /* CollectionViewTest.xcdatamodeld */; };
		CE45D53025C9094D005AADEC /* Assets.xcassets in Resources */ = {isa = PBXBuildFile; fileRef = CE45D52F25C9094D005AADEC /* Assets.xcassets */; };
		CE45D53325C9094E005AADEC /* LaunchScreen.storyboard in Resources */ = {isa = PBXBuildFile; fileRef = CE45D53125C9094E005AADEC /* LaunchScreen.storyboard */; };
		CE45D53E25C9094E005AADEC /* CollectionViewTestTests.swift in Sources */ = {isa = PBXBuildFile; fileRef = CE45D53D25C9094E005AADEC /* CollectionViewTestTests.swift */; };
		CE45D54925C9094E005AADEC /* CollectionViewTestUITests.swift in Sources */ = {isa = PBXBuildFile; fileRef = CE45D54825C9094E005AADEC /* CollectionViewTestUITests.swift */; };
		CE50D6A525FADC820039E90C /* CollectionViewDynamicCell2VC.swift in Sources */ = {isa = PBXBuildFile; fileRef = CE50D6A425FADC820039E90C /* CollectionViewDynamicCell2VC.swift */; };
		CE50D6B525FADD570039E90C /* CollectionViewDynamicCell2.xib in Resources */ = {isa = PBXBuildFile; fileRef = CE50D6B425FADD570039E90C /* CollectionViewDynamicCell2.xib */; };
		CE50D6BE25FB26880039E90C /* CollectionViewDynamicCell3VC.swift in Sources */ = {isa = PBXBuildFile; fileRef = CE50D6BD25FB26880039E90C /* CollectionViewDynamicCell3VC.swift */; };
		CE95738625F986A800FFE6A5 /* Cell.xib in Resources */ = {isa = PBXBuildFile; fileRef = CE95738525F986A800FFE6A5 /* Cell.xib */; };
		CE95738B25F986C200FFE6A5 /* Cell.swift in Sources */ = {isa = PBXBuildFile; fileRef = CE95738A25F986C200FFE6A5 /* Cell.swift */; };
		CE95739025F98A3200FFE6A5 /* MainVC.swift in Sources */ = {isa = PBXBuildFile; fileRef = CE95738F25F98A3200FFE6A5 /* MainVC.swift */; };
		CE95739525F99F1E00FFE6A5 /* CollectionViewCodeVC.swift in Sources */ = {isa = PBXBuildFile; fileRef = CE95739425F99F1E00FFE6A5 /* CollectionViewCodeVC.swift */; };
		CE95739A25F99F2B00FFE6A5 /* CollectionViewUIVC.swift in Sources */ = {isa = PBXBuildFile; fileRef = CE95739925F99F2B00FFE6A5 /* CollectionViewUIVC.swift */; };
		CE9573B625FA19FA00FFE6A5 /* CollectionViewDynamicCellVC.swift in Sources */ = {isa = PBXBuildFile; fileRef = CE9573B525FA19FA00FFE6A5 /* CollectionViewDynamicCellVC.swift */; };
		CE9573BB25FA1A4D00FFE6A5 /* CollectionViewDynamicCell.swift in Sources */ = {isa = PBXBuildFile; fileRef = CE9573BA25FA1A4D00FFE6A5 /* CollectionViewDynamicCell.swift */; };
/* End PBXBuildFile section */

/* Begin PBXContainerItemProxy section */
		CE45D53A25C9094E005AADEC /* PBXContainerItemProxy */ = {
			isa = PBXContainerItemProxy;
			containerPortal = CE45D51825C90949005AADEC /* Project object */;
			proxyType = 1;
			remoteGlobalIDString = CE45D51F25C90949005AADEC;
			remoteInfo = CollectionViewTest;
		};
		CE45D54525C9094E005AADEC /* PBXContainerItemProxy */ = {
			isa = PBXContainerItemProxy;
			containerPortal = CE45D51825C90949005AADEC /* Project object */;
			proxyType = 1;
			remoteGlobalIDString = CE45D51F25C90949005AADEC;
			remoteInfo = CollectionViewTest;
		};
/* End PBXContainerItemProxy section */

/* Begin PBXFileReference section */
		CE45D52025C90949005AADEC /* CollectionViewTest.app */ = {isa = PBXFileReference; explicitFileType = wrapper.application; includeInIndex = 0; path = CollectionViewTest.app; sourceTree = BUILT_PRODUCTS_DIR; };
		CE45D52325C90949005AADEC /* AppDelegate.swift */ = {isa = PBXFileReference; lastKnownFileType = sourcecode.swift; path = AppDelegate.swift; sourceTree = "<group>"; };
		CE45D52525C90949005AADEC /* SceneDelegate.swift */ = {isa = PBXFileReference; lastKnownFileType = sourcecode.swift; path = SceneDelegate.swift; sourceTree = "<group>"; };
		CE45D52725C90949005AADEC /* ViewController.swift */ = {isa = PBXFileReference; lastKnownFileType = sourcecode.swift; path = ViewController.swift; sourceTree = "<group>"; };
		CE45D52A25C90949005AADEC /* Base */ = {isa = PBXFileReference; lastKnownFileType = file.storyboard; name = Base; path = Base.lproj/Main.storyboard; sourceTree = "<group>"; };
		CE45D52D25C90949005AADEC /* CollectionViewTest.xcdatamodel */ = {isa = PBXFileReference; lastKnownFileType = wrapper.xcdatamodel; path = CollectionViewTest.xcdatamodel; sourceTree = "<group>"; };
		CE45D52F25C9094D005AADEC /* Assets.xcassets */ = {isa = PBXFileReference; lastKnownFileType = folder.assetcatalog; path = Assets.xcassets; sourceTree = "<group>"; };
		CE45D53225C9094E005AADEC /* Base */ = {isa = PBXFileReference; lastKnownFileType = file.storyboard; name = Base; path = Base.lproj/LaunchScreen.storyboard; sourceTree = "<group>"; };
		CE45D53425C9094E005AADEC /* Info.plist */ = {isa = PBXFileReference; lastKnownFileType = text.plist.xml; path = Info.plist; sourceTree = "<group>"; };
		CE45D53925C9094E005AADEC /* CollectionViewTestTests.xctest */ = {isa = PBXFileReference; explicitFileType = wrapper.cfbundle; includeInIndex = 0; path = CollectionViewTestTests.xctest; sourceTree = BUILT_PRODUCTS_DIR; };
		CE45D53D25C9094E005AADEC /* CollectionViewTestTests.swift */ = {isa = PBXFileReference; lastKnownFileType = sourcecode.swift; path = CollectionViewTestTests.swift; sourceTree = "<group>"; };
		CE45D53F25C9094E005AADEC /* Info.plist */ = {isa = PBXFileReference; lastKnownFileType = text.plist.xml; path = Info.plist; sourceTree = "<group>"; };
		CE45D54425C9094E005AADEC /* CollectionViewTestUITests.xctest */ = {isa = PBXFileReference; explicitFileType = wrapper.cfbundle; includeInIndex = 0; path = CollectionViewTestUITests.xctest; sourceTree = BUILT_PRODUCTS_DIR; };
		CE45D54825C9094E005AADEC /* CollectionViewTestUITests.swift */ = {isa = PBXFileReference; lastKnownFileType = sourcecode.swift; path = CollectionViewTestUITests.swift; sourceTree = "<group>"; };
		CE45D54A25C9094E005AADEC /* Info.plist */ = {isa = PBXFileReference; lastKnownFileType = text.plist.xml; path = Info.plist; sourceTree = "<group>"; };
		CE50D6A425FADC820039E90C /* CollectionViewDynamicCell2VC.swift */ = {isa = PBXFileReference; lastKnownFileType = sourcecode.swift; path = CollectionViewDynamicCell2VC.swift; sourceTree = "<group>"; };
		CE50D6B425FADD570039E90C /* CollectionViewDynamicCell2.xib */ = {isa = PBXFileReference; lastKnownFileType = file.xib; path = CollectionViewDynamicCell2.xib; sourceTree = "<group>"; };
		CE50D6BD25FB26880039E90C /* CollectionViewDynamicCell3VC.swift */ = {isa = PBXFileReference; lastKnownFileType = sourcecode.swift; path = CollectionViewDynamicCell3VC.swift; sourceTree = "<group>"; };
		CE95738525F986A800FFE6A5 /* Cell.xib */ = {isa = PBXFileReference; lastKnownFileType = file.xib; path = Cell.xib; sourceTree = "<group>"; };
		CE95738A25F986C200FFE6A5 /* Cell.swift */ = {isa = PBXFileReference; lastKnownFileType = sourcecode.swift; path = Cell.swift; sourceTree = "<group>"; };
		CE95738F25F98A3200FFE6A5 /* MainVC.swift */ = {isa = PBXFileReference; lastKnownFileType = sourcecode.swift; path = MainVC.swift; sourceTree = "<group>"; };
		CE95739425F99F1E00FFE6A5 /* CollectionViewCodeVC.swift */ = {isa = PBXFileReference; lastKnownFileType = sourcecode.swift; path = CollectionViewCodeVC.swift; sourceTree = "<group>"; };
		CE95739925F99F2B00FFE6A5 /* CollectionViewUIVC.swift */ = {isa = PBXFileReference; lastKnownFileType = sourcecode.swift; path = CollectionViewUIVC.swift; sourceTree = "<group>"; };
		CE9573B525FA19FA00FFE6A5 /* CollectionViewDynamicCellVC.swift */ = {isa = PBXFileReference; lastKnownFileType = sourcecode.swift; path = CollectionViewDynamicCellVC.swift; sourceTree = "<group>"; };
		CE9573BA25FA1A4D00FFE6A5 /* CollectionViewDynamicCell.swift */ = {isa = PBXFileReference; lastKnownFileType = sourcecode.swift; path = CollectionViewDynamicCell.swift; sourceTree = "<group>"; };
/* End PBXFileReference section */

/* Begin PBXFrameworksBuildPhase section */
		CE45D51D25C90949005AADEC /* Frameworks */ = {
			isa = PBXFrameworksBuildPhase;
			buildActionMask = 2147483647;
			files = (
			);
			runOnlyForDeploymentPostprocessing = 0;
		};
		CE45D53625C9094E005AADEC /* Frameworks */ = {
			isa = PBXFrameworksBuildPhase;
			buildActionMask = 2147483647;
			files = (
			);
			runOnlyForDeploymentPostprocessing = 0;
		};
		CE45D54125C9094E005AADEC /* Frameworks */ = {
			isa = PBXFrameworksBuildPhase;
			buildActionMask = 2147483647;
			files = (
			);
			runOnlyForDeploymentPostprocessing = 0;
		};
/* End PBXFrameworksBuildPhase section */

/* Begin PBXGroup section */
		CE45D51725C90949005AADEC = {
			isa = PBXGroup;
			children = (
				CE45D52225C90949005AADEC /* CollectionViewTest */,
				CE45D53C25C9094E005AADEC /* CollectionViewTestTests */,
				CE45D54725C9094E005AADEC /* CollectionViewTestUITests */,
				CE45D52125C90949005AADEC /* Products */,
			);
			sourceTree = "<group>";
		};
		CE45D52125C90949005AADEC /* Products */ = {
			isa = PBXGroup;
			children = (
				CE45D52025C90949005AADEC /* CollectionViewTest.app */,
				CE45D53925C9094E005AADEC /* CollectionViewTestTests.xctest */,
				CE45D54425C9094E005AADEC /* CollectionViewTestUITests.xctest */,
			);
			name = Products;
			sourceTree = "<group>";
		};
		CE45D52225C90949005AADEC /* CollectionViewTest */ = {
			isa = PBXGroup;
			children = (
				CE45D52325C90949005AADEC /* AppDelegate.swift */,
				CE45D52525C90949005AADEC /* SceneDelegate.swift */,
				CE45D52725C90949005AADEC /* ViewController.swift */,
				CE95739425F99F1E00FFE6A5 /* CollectionViewCodeVC.swift */,
				CE95739925F99F2B00FFE6A5 /* CollectionViewUIVC.swift */,
				CE95738525F986A800FFE6A5 /* Cell.xib */,
				CE95738A25F986C200FFE6A5 /* Cell.swift */,
				CE45D52925C90949005AADEC /* Main.storyboard */,
				CE9573B525FA19FA00FFE6A5 /* CollectionViewDynamicCellVC.swift */,
				CE9573BA25FA1A4D00FFE6A5 /* CollectionViewDynamicCell.swift */,
				CE50D6A425FADC820039E90C /* CollectionViewDynamicCell2VC.swift */,
				CE50D6B425FADD570039E90C /* CollectionViewDynamicCell2.xib */,
				CE50D6BD25FB26880039E90C /* CollectionViewDynamicCell3VC.swift */,
				CE95738F25F98A3200FFE6A5 /* MainVC.swift */,
				CE45D52F25C9094D005AADEC /* Assets.xcassets */,
				CE45D53125C9094E005AADEC /* LaunchScreen.storyboard */,
				CE45D53425C9094E005AADEC /* Info.plist */,
				CE45D52C25C90949005AADEC /* CollectionViewTest.xcdatamodeld */,
			);
			path = CollectionViewTest;
			sourceTree = "<group>";
		};
		CE45D53C25C9094E005AADEC /* CollectionViewTestTests */ = {
			isa = PBXGroup;
			children = (
				CE45D53D25C9094E005AADEC /* CollectionViewTestTests.swift */,
				CE45D53F25C9094E005AADEC /* Info.plist */,
			);
			path = CollectionViewTestTests;
			sourceTree = "<group>";
		};
		CE45D54725C9094E005AADEC /* CollectionViewTestUITests */ = {
			isa = PBXGroup;
			children = (
				CE45D54825C9094E005AADEC /* CollectionViewTestUITests.swift */,
				CE45D54A25C9094E005AADEC /* Info.plist */,
			);
			path = CollectionViewTestUITests;
			sourceTree = "<group>";
		};
/* End PBXGroup section */

/* Begin PBXNativeTarget section */
		CE45D51F25C90949005AADEC /* CollectionViewTest */ = {
			isa = PBXNativeTarget;
			buildConfigurationList = CE45D54D25C9094E005AADEC /* Build configuration list for PBXNativeTarget "CollectionViewTest" */;
			buildPhases = (
				CE45D51C25C90949005AADEC /* Sources */,
				CE45D51D25C90949005AADEC /* Frameworks */,
				CE45D51E25C90949005AADEC /* Resources */,
			);
			buildRules = (
			);
			dependencies = (
			);
			name = CollectionViewTest;
			productName = CollectionViewTest;
			productReference = CE45D52025C90949005AADEC /* CollectionViewTest.app */;
			productType = "com.apple.product-type.application";
		};
		CE45D53825C9094E005AADEC /* CollectionViewTestTests */ = {
			isa = PBXNativeTarget;
			buildConfigurationList = CE45D55025C9094E005AADEC /* Build configuration list for PBXNativeTarget "CollectionViewTestTests" */;
			buildPhases = (
				CE45D53525C9094E005AADEC /* Sources */,
				CE45D53625C9094E005AADEC /* Frameworks */,
				CE45D53725C9094E005AADEC /* Resources */,
			);
			buildRules = (
			);
			dependencies = (
				CE45D53B25C9094E005AADEC /* PBXTargetDependency */,
			);
			name = CollectionViewTestTests;
			productName = CollectionViewTestTests;
			productReference = CE45D53925C9094E005AADEC /* CollectionViewTestTests.xctest */;
			productType = "com.apple.product-type.bundle.unit-test";
		};
		CE45D54325C9094E005AADEC /* CollectionViewTestUITests */ = {
			isa = PBXNativeTarget;
			buildConfigurationList = CE45D55325C9094E005AADEC /* Build configuration list for PBXNativeTarget "CollectionViewTestUITests" */;
			buildPhases = (
				CE45D54025C9094E005AADEC /* Sources */,
				CE45D54125C9094E005AADEC /* Frameworks */,
				CE45D54225C9094E005AADEC /* Resources */,
			);
			buildRules = (
			);
			dependencies = (
				CE45D54625C9094E005AADEC /* PBXTargetDependency */,
			);
			name = CollectionViewTestUITests;
			productName = CollectionViewTestUITests;
			productReference = CE45D54425C9094E005AADEC /* CollectionViewTestUITests.xctest */;
			productType = "com.apple.product-type.bundle.ui-testing";
		};
/* End PBXNativeTarget section */

/* Begin PBXProject section */
		CE45D51825C90949005AADEC /* Project object */ = {
			isa = PBXProject;
			attributes = {
				LastSwiftUpdateCheck = 1240;
				LastUpgradeCheck = 1240;
				TargetAttributes = {
					CE45D51F25C90949005AADEC = {
						CreatedOnToolsVersion = 12.4;
					};
					CE45D53825C9094E005AADEC = {
						CreatedOnToolsVersion = 12.4;
						TestTargetID = CE45D51F25C90949005AADEC;
					};
					CE45D54325C9094E005AADEC = {
						CreatedOnToolsVersion = 12.4;
						TestTargetID = CE45D51F25C90949005AADEC;
					};
				};
			};
			buildConfigurationList = CE45D51B25C90949005AADEC /* Build configuration list for PBXProject "CollectionViewTest" */;
			compatibilityVersion = "Xcode 9.3";
			developmentRegion = en;
			hasScannedForEncodings = 0;
			knownRegions = (
				en,
				Base,
			);
			mainGroup = CE45D51725C90949005AADEC;
			productRefGroup = CE45D52125C90949005AADEC /* Products */;
			projectDirPath = "";
			projectRoot = "";
			targets = (
				CE45D51F25C90949005AADEC /* CollectionViewTest */,
				CE45D53825C9094E005AADEC /* CollectionViewTestTests */,
				CE45D54325C9094E005AADEC /* CollectionViewTestUITests */,
			);
		};
/* End PBXProject section */

/* Begin PBXResourcesBuildPhase section */
		CE45D51E25C90949005AADEC /* Resources */ = {
			isa = PBXResourcesBuildPhase;
			buildActionMask = 2147483647;
			files = (
				CE45D53325C9094E005AADEC /* LaunchScreen.storyboard in Resources */,
				CE50D6B525FADD570039E90C /* CollectionViewDynamicCell2.xib in Resources */,
				CE95738625F986A800FFE6A5 /* Cell.xib in Resources */,
				CE45D53025C9094D005AADEC /* Assets.xcassets in Resources */,
				CE45D52B25C90949005AADEC /* Main.storyboard in Resources */,
			);
			runOnlyForDeploymentPostprocessing = 0;
		};
		CE45D53725C9094E005AADEC /* Resources */ = {
			isa = PBXResourcesBuildPhase;
			buildActionMask = 2147483647;
			files = (
			);
			runOnlyForDeploymentPostprocessing = 0;
		};
		CE45D54225C9094E005AADEC /* Resources */ = {
			isa = PBXResourcesBuildPhase;
			buildActionMask = 2147483647;
			files = (
			);
			runOnlyForDeploymentPostprocessing = 0;
		};
/* End PBXResourcesBuildPhase section */

/* Begin PBXSourcesBuildPhase section */
		CE45D51C25C90949005AADEC /* Sources */ = {
			isa = PBXSourcesBuildPhase;
			buildActionMask = 2147483647;
			files = (
				CE95739525F99F1E00FFE6A5 /* CollectionViewCodeVC.swift in Sources */,
				CE50D6BE25FB26880039E90C /* CollectionViewDynamicCell3VC.swift in Sources */,
				CE9573B625FA19FA00FFE6A5 /* CollectionViewDynamicCellVC.swift in Sources */,
				CE95739A25F99F2B00FFE6A5 /* CollectionViewUIVC.swift in Sources */,
				CE45D52825C90949005AADEC /* ViewController.swift in Sources */,
				CE50D6A525FADC820039E90C /* CollectionViewDynamicCell2VC.swift in Sources */,
				CE9573BB25FA1A4D00FFE6A5 /* CollectionViewDynamicCell.swift in Sources */,
				CE95739025F98A3200FFE6A5 /* MainVC.swift in Sources */,
				CE45D52425C90949005AADEC /* AppDelegate.swift in Sources */,
				CE95738B25F986C200FFE6A5 /* Cell.swift in Sources */,
				CE45D52E25C90949005AADEC /* CollectionViewTest.xcdatamodeld in Sources */,
				CE45D52625C90949005AADEC /* SceneDelegate.swift in Sources */,
			);
			runOnlyForDeploymentPostprocessing = 0;
		};
		CE45D53525C9094E005AADEC /* Sources */ = {
			isa = PBXSourcesBuildPhase;
			buildActionMask = 2147483647;
			files = (
				CE45D53E25C9094E005AADEC /* CollectionViewTestTests.swift in Sources */,
			);
			runOnlyForDeploymentPostprocessing = 0;
		};
		CE45D54025C9094E005AADEC /* Sources */ = {
			isa = PBXSourcesBuildPhase;
			buildActionMask = 2147483647;
			files = (
				CE45D54925C9094E005AADEC /* CollectionViewTestUITests.swift in Sources */,
			);
			runOnlyForDeploymentPostprocessing = 0;
		};
/* End PBXSourcesBuildPhase section */

/* Begin PBXTargetDependency section */
		CE45D53B25C9094E005AADEC /* PBXTargetDependency */ = {
			isa = PBXTargetDependency;
			target = CE45D51F25C90949005AADEC /* CollectionViewTest */;
			targetProxy = CE45D53A25C9094E005AADEC /* PBXContainerItemProxy */;
		};
		CE45D54625C9094E005AADEC /* PBXTargetDependency */ = {
			isa = PBXTargetDependency;
			target = CE45D51F25C90949005AADEC /* CollectionViewTest */;
			targetProxy = CE45D54525C9094E005AADEC /* PBXContainerItemProxy */;
		};
/* End PBXTargetDependency section */

/* Begin PBXVariantGroup section */
		CE45D52925C90949005AADEC /* Main.storyboard */ = {
			isa = PBXVariantGroup;
			children = (
				CE45D52A25C90949005AADEC /* Base */,
			);
			name = Main.storyboard;
			sourceTree = "<group>";
		};
		CE45D53125C9094E005AADEC /* LaunchScreen.storyboard */ = {
			isa = PBXVariantGroup;
			children = (
				CE45D53225C9094E005AADEC /* Base */,
			);
			name = LaunchScreen.storyboard;
			sourceTree = "<group>";
		};
/* End PBXVariantGroup section */

/* Begin XCBuildConfiguration section */
		CE45D54B25C9094E005AADEC /* Debug */ = {
			isa = XCBuildConfiguration;
			buildSettings = {
				ALWAYS_SEARCH_USER_PATHS = NO;
				CLANG_ANALYZER_NONNULL = YES;
				CLANG_ANALYZER_NUMBER_OBJECT_CONVERSION = YES_AGGRESSIVE;
				CLANG_CXX_LANGUAGE_STANDARD = "gnu++14";
				CLANG_CXX_LIBRARY = "libc++";
				CLANG_ENABLE_MODULES = YES;
				CLANG_ENABLE_OBJC_ARC = YES;
				CLANG_ENABLE_OBJC_WEAK = YES;
				CLANG_WARN_BLOCK_CAPTURE_AUTORELEASING = YES;
				CLANG_WARN_BOOL_CONVERSION = YES;
				CLANG_WARN_COMMA = YES;
				CLANG_WARN_CONSTANT_CONVERSION = YES;
				CLANG_WARN_DEPRECATED_OBJC_IMPLEMENTATIONS = YES;
				CLANG_WARN_DIRECT_OBJC_ISA_USAGE = YES_ERROR;
				CLANG_WARN_DOCUMENTATION_COMMENTS = YES;
				CLANG_WARN_EMPTY_BODY = YES;
				CLANG_WARN_ENUM_CONVERSION = YES;
				CLANG_WARN_INFINITE_RECURSION = YES;
				CLANG_WARN_INT_CONVERSION = YES;
				CLANG_WARN_NON_LITERAL_NULL_CONVERSION = YES;
				CLANG_WARN_OBJC_IMPLICIT_RETAIN_SELF = YES;
				CLANG_WARN_OBJC_LITERAL_CONVERSION = YES;
				CLANG_WARN_OBJC_ROOT_CLASS = YES_ERROR;
				CLANG_WARN_QUOTED_INCLUDE_IN_FRAMEWORK_HEADER = YES;
				CLANG_WARN_RANGE_LOOP_ANALYSIS = YES;
				CLANG_WARN_STRICT_PROTOTYPES = YES;
				CLANG_WARN_SUSPICIOUS_MOVE = YES;
				CLANG_WARN_UNGUARDED_AVAILABILITY = YES_AGGRESSIVE;
				CLANG_WARN_UNREACHABLE_CODE = YES;
				CLANG_WARN__DUPLICATE_METHOD_MATCH = YES;
				COPY_PHASE_STRIP = NO;
				DEBUG_INFORMATION_FORMAT = dwarf;
				ENABLE_STRICT_OBJC_MSGSEND = YES;
				ENABLE_TESTABILITY = YES;
				GCC_C_LANGUAGE_STANDARD = gnu11;
				GCC_DYNAMIC_NO_PIC = NO;
				GCC_NO_COMMON_BLOCKS = YES;
				GCC_OPTIMIZATION_LEVEL = 0;
				GCC_PREPROCESSOR_DEFINITIONS = (
					"DEBUG=1",
					"$(inherited)",
				);
				GCC_WARN_64_TO_32_BIT_CONVERSION = YES;
				GCC_WARN_ABOUT_RETURN_TYPE = YES_ERROR;
				GCC_WARN_UNDECLARED_SELECTOR = YES;
				GCC_WARN_UNINITIALIZED_AUTOS = YES_AGGRESSIVE;
				GCC_WARN_UNUSED_FUNCTION = YES;
				GCC_WARN_UNUSED_VARIABLE = YES;
				IPHONEOS_DEPLOYMENT_TARGET = 13.0;
				MTL_ENABLE_DEBUG_INFO = INCLUDE_SOURCE;
				MTL_FAST_MATH = YES;
				ONLY_ACTIVE_ARCH = YES;
				SDKROOT = iphoneos;
				SWIFT_ACTIVE_COMPILATION_CONDITIONS = DEBUG;
				SWIFT_OPTIMIZATION_LEVEL = "-Onone";
			};
			name = Debug;
		};
		CE45D54C25C9094E005AADEC /* Release */ = {
			isa = XCBuildConfiguration;
			buildSettings = {
				ALWAYS_SEARCH_USER_PATHS = NO;
				CLANG_ANALYZER_NONNULL = YES;
				CLANG_ANALYZER_NUMBER_OBJECT_CONVERSION = YES_AGGRESSIVE;
				CLANG_CXX_LANGUAGE_STANDARD = "gnu++14";
				CLANG_CXX_LIBRARY = "libc++";
				CLANG_ENABLE_MODULES = YES;
				CLANG_ENABLE_OBJC_ARC = YES;
				CLANG_ENABLE_OBJC_WEAK = YES;
				CLANG_WARN_BLOCK_CAPTURE_AUTORELEASING = YES;
				CLANG_WARN_BOOL_CONVERSION = YES;
				CLANG_WARN_COMMA = YES;
				CLANG_WARN_CONSTANT_CONVERSION = YES;
				CLANG_WARN_DEPRECATED_OBJC_IMPLEMENTATIONS = YES;
				CLANG_WARN_DIRECT_OBJC_ISA_USAGE = YES_ERROR;
				CLANG_WARN_DOCUMENTATION_COMMENTS = YES;
				CLANG_WARN_EMPTY_BODY = YES;
				CLANG_WARN_ENUM_CONVERSION = YES;
				CLANG_WARN_INFINITE_RECURSION = YES;
				CLANG_WARN_INT_CONVERSION = YES;
				CLANG_WARN_NON_LITERAL_NULL_CONVERSION = YES;
				CLANG_WARN_OBJC_IMPLICIT_RETAIN_SELF = YES;
				CLANG_WARN_OBJC_LITERAL_CONVERSION = YES;
				CLANG_WARN_OBJC_ROOT_CLASS = YES_ERROR;
				CLANG_WARN_QUOTED_INCLUDE_IN_FRAMEWORK_HEADER = YES;
				CLANG_WARN_RANGE_LOOP_ANALYSIS = YES;
				CLANG_WARN_STRICT_PROTOTYPES = YES;
				CLANG_WARN_SUSPICIOUS_MOVE = YES;
				CLANG_WARN_UNGUARDED_AVAILABILITY = YES_AGGRESSIVE;
				CLANG_WARN_UNREACHABLE_CODE = YES;
				CLANG_WARN__DUPLICATE_METHOD_MATCH = YES;
				COPY_PHASE_STRIP = NO;
				DEBUG_INFORMATION_FORMAT = "dwarf-with-dsym";
				ENABLE_NS_ASSERTIONS = NO;
				ENABLE_STRICT_OBJC_MSGSEND = YES;
				GCC_C_LANGUAGE_STANDARD = gnu11;
				GCC_NO_COMMON_BLOCKS = YES;
				GCC_WARN_64_TO_32_BIT_CONVERSION = YES;
				GCC_WARN_ABOUT_RETURN_TYPE = YES_ERROR;
				GCC_WARN_UNDECLARED_SELECTOR = YES;
				GCC_WARN_UNINITIALIZED_AUTOS = YES_AGGRESSIVE;
				GCC_WARN_UNUSED_FUNCTION = YES;
				GCC_WARN_UNUSED_VARIABLE = YES;
				IPHONEOS_DEPLOYMENT_TARGET = 13.0;
				MTL_ENABLE_DEBUG_INFO = NO;
				MTL_FAST_MATH = YES;
				SDKROOT = iphoneos;
				SWIFT_COMPILATION_MODE = wholemodule;
				SWIFT_OPTIMIZATION_LEVEL = "-O";
				VALIDATE_PRODUCT = YES;
			};
			name = Release;
		};
		CE45D54E25C9094E005AADEC /* Debug */ = {
			isa = XCBuildConfiguration;
			buildSettings = {
				ASSETCATALOG_COMPILER_APPICON_NAME = AppIcon;
				ASSETCATALOG_COMPILER_GLOBAL_ACCENT_COLOR_NAME = AccentColor;
				CODE_SIGN_STYLE = Automatic;
				DEVELOPMENT_TEAM = 93YL8E7YZM;
				INFOPLIST_FILE = CollectionViewTest/Info.plist;
				LD_RUNPATH_SEARCH_PATHS = (
					"$(inherited)",
					"@executable_path/Frameworks",
				);
				PRODUCT_BUNDLE_IDENTIFIER = net.sejongtelecom.CollectionViewTest;
				PRODUCT_NAME = "$(TARGET_NAME)";
				SWIFT_VERSION = 5.0;
				TARGETED_DEVICE_FAMILY = "1,2";
			};
			name = Debug;
		};
		CE45D54F25C9094E005AADEC /* Release */ = {
			isa = XCBuildConfiguration;
			buildSettings = {
				ASSETCATALOG_COMPILER_APPICON_NAME = AppIcon;
				ASSETCATALOG_COMPILER_GLOBAL_ACCENT_COLOR_NAME = AccentColor;
				CODE_SIGN_STYLE = Automatic;
				DEVELOPMENT_TEAM = 93YL8E7YZM;
				INFOPLIST_FILE = CollectionViewTest/Info.plist;
				LD_RUNPATH_SEARCH_PATHS = (
					"$(inherited)",
					"@executable_path/Frameworks",
				);
				PRODUCT_BUNDLE_IDENTIFIER = net.sejongtelecom.CollectionViewTest;
				PRODUCT_NAME = "$(TARGET_NAME)";
				SWIFT_VERSION = 5.0;
				TARGETED_DEVICE_FAMILY = "1,2";
			};
			name = Release;
		};
		CE45D55125C9094E005AADEC /* Debug */ = {
			isa = XCBuildConfiguration;
			buildSettings = {
				ALWAYS_EMBED_SWIFT_STANDARD_LIBRARIES = YES;
				BUNDLE_LOADER = "$(TEST_HOST)";
				CODE_SIGN_STYLE = Automatic;
				DEVELOPMENT_TEAM = 93YL8E7YZM;
				INFOPLIST_FILE = CollectionViewTestTests/Info.plist;
				IPHONEOS_DEPLOYMENT_TARGET = 14.4;
				LD_RUNPATH_SEARCH_PATHS = (
					"$(inherited)",
					"@executable_path/Frameworks",
					"@loader_path/Frameworks",
				);
				PRODUCT_BUNDLE_IDENTIFIER = net.sejongtelecom.CollectionViewTestTests;
				PRODUCT_NAME = "$(TARGET_NAME)";
				SWIFT_VERSION = 5.0;
				TARGETED_DEVICE_FAMILY = "1,2";
				TEST_HOST = "$(BUILT_PRODUCTS_DIR)/CollectionViewTest.app/CollectionViewTest";
			};
			name = Debug;
		};
		CE45D55225C9094E005AADEC /* Release */ = {
			isa = XCBuildConfiguration;
			buildSettings = {
				ALWAYS_EMBED_SWIFT_STANDARD_LIBRARIES = YES;
				BUNDLE_LOADER = "$(TEST_HOST)";
				CODE_SIGN_STYLE = Automatic;
				DEVELOPMENT_TEAM = 93YL8E7YZM;
				INFOPLIST_FILE = CollectionViewTestTests/Info.plist;
				IPHONEOS_DEPLOYMENT_TARGET = 14.4;
				LD_RUNPATH_SEARCH_PATHS = (
					"$(inherited)",
					"@executable_path/Frameworks",
					"@loader_path/Frameworks",
				);
				PRODUCT_BUNDLE_IDENTIFIER = net.sejongtelecom.CollectionViewTestTests;
				PRODUCT_NAME = "$(TARGET_NAME)";
				SWIFT_VERSION = 5.0;
				TARGETED_DEVICE_FAMILY = "1,2";
				TEST_HOST = "$(BUILT_PRODUCTS_DIR)/CollectionViewTest.app/CollectionViewTest";
			};
			name = Release;
		};
		CE45D55425C9094E005AADEC /* Debug */ = {
			isa = XCBuildConfiguration;
			buildSettings = {
				ALWAYS_EMBED_SWIFT_STANDARD_LIBRARIES = YES;
				CODE_SIGN_STYLE = Automatic;
				DEVELOPMENT_TEAM = 93YL8E7YZM;
				INFOPLIST_FILE = CollectionViewTestUITests/Info.plist;
				LD_RUNPATH_SEARCH_PATHS = (
					"$(inherited)",
					"@executable_path/Frameworks",
					"@loader_path/Frameworks",
				);
				PRODUCT_BUNDLE_IDENTIFIER = net.sejongtelecom.CollectionViewTestUITests;
				PRODUCT_NAME = "$(TARGET_NAME)";
				SWIFT_VERSION = 5.0;
				TARGETED_DEVICE_FAMILY = "1,2";
				TEST_TARGET_NAME = CollectionViewTest;
			};
			name = Debug;
		};
		CE45D55525C9094E005AADEC /* Release */ = {
			isa = XCBuildConfiguration;
			buildSettings = {
				ALWAYS_EMBED_SWIFT_STANDARD_LIBRARIES = YES;
				CODE_SIGN_STYLE = Automatic;
				DEVELOPMENT_TEAM = 93YL8E7YZM;
				INFOPLIST_FILE = CollectionViewTestUITests/Info.plist;
				LD_RUNPATH_SEARCH_PATHS = (
					"$(inherited)",
					"@executable_path/Frameworks",
					"@loader_path/Frameworks",
				);
				PRODUCT_BUNDLE_IDENTIFIER = net.sejongtelecom.CollectionViewTestUITests;
				PRODUCT_NAME = "$(TARGET_NAME)";
				SWIFT_VERSION = 5.0;
				TARGETED_DEVICE_FAMILY = "1,2";
				TEST_TARGET_NAME = CollectionViewTest;
			};
			name = Release;
		};
/* End XCBuildConfiguration section */

/* Begin XCConfigurationList section */
		CE45D51B25C90949005AADEC /* Build configuration list for PBXProject "CollectionViewTest" */ = {
			isa = XCConfigurationList;
			buildConfigurations = (
				CE45D54B25C9094E005AADEC /* Debug */,
				CE45D54C25C9094E005AADEC /* Release */,
			);
			defaultConfigurationIsVisible = 0;
			defaultConfigurationName = Release;
		};
		CE45D54D25C9094E005AADEC /* Build configuration list for PBXNativeTarget "CollectionViewTest" */ = {
			isa = XCConfigurationList;
			buildConfigurations = (
				CE45D54E25C9094E005AADEC /* Debug */,
				CE45D54F25C9094E005AADEC /* Release */,
			);
			defaultConfigurationIsVisible = 0;
			defaultConfigurationName = Release;
		};
		CE45D55025C9094E005AADEC /* Build configuration list for PBXNativeTarget "CollectionViewTestTests" */ = {
			isa = XCConfigurationList;
			buildConfigurations = (
				CE45D55125C9094E005AADEC /* Debug */,
				CE45D55225C9094E005AADEC /* Release */,
			);
			defaultConfigurationIsVisible = 0;
			defaultConfigurationName = Release;
		};
		CE45D55325C9094E005AADEC /* Build configuration list for PBXNativeTarget "CollectionViewTestUITests" */ = {
			isa = XCConfigurationList;
			buildConfigurations = (
				CE45D55425C9094E005AADEC /* Debug */,
				CE45D55525C9094E005AADEC /* Release */,
			);
			defaultConfigurationIsVisible = 0;
			defaultConfigurationName = Release;
		};
/* End XCConfigurationList section */

/* Begin XCVersionGroup section */
		CE45D52C25C90949005AADEC /* CollectionViewTest.xcdatamodeld */ = {
			isa = XCVersionGroup;
			children = (
				CE45D52D25C90949005AADEC /* CollectionViewTest.xcdatamodel */,
			);
			currentVersion = CE45D52D25C90949005AADEC /* CollectionViewTest.xcdatamodel */;
			path = CollectionViewTest.xcdatamodeld;
			sourceTree = "<group>";
			versionGroupType = wrapper.xcdatamodel;
		};
/* End XCVersionGroup section */
	};
	rootObject = CE45D51825C90949005AADEC /* Project object */;
}
